
Microsoft Visual Studio Solution File, Format Version 11.00
# Visual Studio 2010
Project("{FAE04EC0-301F-11D3-BF4B-00C04F79EFBC}") = "PasswordGenerator", "PasswordGenerator\PasswordGenerator.csproj", "{E590F3C9-025F-4B6C-AE28-79BF41076B43}"
EndProject
Project("{FAE04EC0-301F-11D3-BF4B-00C04F79EFBC}") = "TestPasswordGenerator", "TestPasswordGenerator\TestPasswordGenerator.csproj", "{0B986A70-7E62-4340-9452-09FB85E928BB}"
EndProject
Project("{2150E333-8FDC-42A3-9474-1A3956D46DE8}") = "Solution Items", "Solution Items", "{D5B51501-B294-4BEA-82A2-D9B5FA1150A2}"
	ProjectSection(SolutionItems) = preProject
		ImageNexus.BenScharbach.Common.PasswordGenerator.vsmdi = ImageNexus.BenScharbach.Common.PasswordGenerator.vsmdi
		Local.testsettings = Local.testsettings
		TraceAndTestImpact.testsettings = TraceAndTestImpact.testsettings
	EndProjectSection
EndProject
Project("{6141683F-8A12-4E36-9623-2EB02B2C2303}") = "Install lmageNexus Common", "Install lmageNexus Common\Install lmageNexus Common.isproj", "{8A8D8433-4E11-44C6-A795-B274D5BE1A88}"
EndProject
Global
	GlobalSection(TeamFoundationVersionControl) = preSolution
		SccNumberOfProjects = 4
		SccEnterpriseProvider = {4CA58AB2-18FA-4F8D-95D4-32DDF27D184C}
		SccTeamFoundationServer = https://tfs.codeplex.com/tfs/tfs14
		SccLocalPath0 = .
		SccProjectUniqueName1 = Install\u0020lmageNexus\u0020Common\\Install\u0020lmageNexus\u0020Common.isproj
		SccProjectName1 = Install\u0020lmageNexus\u0020Common
		SccLocalPath1 = Install\u0020lmageNexus\u0020Common
		SccProjectUniqueName2 = PasswordGenerator\\PasswordGenerator.csproj
		SccProjectName2 = PasswordGenerator
		SccLocalPath2 = PasswordGenerator
		SccProjectUniqueName3 = TestPasswordGenerator\\TestPasswordGenerator.csproj
		SccProjectName3 = TestPasswordGenerator
		SccLocalPath3 = TestPasswordGenerator
	EndGlobalSection
	GlobalSection(TestCaseManagementSettings) = postSolution
		CategoryFile = ImageNexus.BenScharbach.Common.PasswordGenerator.vsmdi
	EndGlobalSection
	GlobalSection(SolutionConfigurationPlatforms) = preSolution
		CD_ROM|Any CPU = CD_ROM|Any CPU
		Debug|Any CPU = Debug|Any CPU
		DVD-5|Any CPU = DVD-5|Any CPU
		Release|Any CPU = Release|Any CPU
		SingleImage|Any CPU = SingleImage|Any CPU
	EndGlobalSection
	GlobalSection(ProjectConfigurationPlatforms) = postSolution
		{E590F3C9-025F-4B6C-AE28-79BF41076B43}.CD_ROM|Any CPU.ActiveCfg = Release|Any CPU
		{E590F3C9-025F-4B6C-AE28-79BF41076B43}.CD_ROM|Any CPU.Build.0 = Release|Any CPU
		{E590F3C9-025F-4B6C-AE28-79BF41076B43}.Debug|Any CPU.ActiveCfg = Debug|Any CPU
		{E590F3C9-025F-4B6C-AE28-79BF41076B43}.Debug|Any CPU.Build.0 = Debug|Any CPU
		{E590F3C9-025F-4B6C-AE28-79BF41076B43}.DVD-5|Any CPU.ActiveCfg = Debug|Any CPU
		{E590F3C9-025F-4B6C-AE28-79BF41076B43}.DVD-5|Any CPU.Build.0 = Debug|Any CPU
		{E590F3C9-025F-4B6C-AE28-79BF41076B43}.Release|Any CPU.ActiveCfg = Release|Any CPU
		{E590F3C9-025F-4B6C-AE28-79BF41076B43}.Release|Any CPU.Build.0 = Release|Any CPU
		{E590F3C9-025F-4B6C-AE28-79BF41076B43}.SingleImage|Any CPU.ActiveCfg = Release|Any CPU
		{E590F3C9-025F-4B6C-AE28-79BF41076B43}.SingleImage|Any CPU.Build.0 = Release|Any CPU
		{0B986A70-7E62-4340-9452-09FB85E928BB}.CD_ROM|Any CPU.ActiveCfg = Release|Any CPU
		{0B986A70-7E62-4340-9452-09FB85E928BB}.CD_ROM|Any CPU.Build.0 = Release|Any CPU
		{0B986A70-7E62-4340-9452-09FB85E928BB}.Debug|Any CPU.ActiveCfg = Debug|Any CPU
		{0B986A70-7E62-4340-9452-09FB85E928BB}.Debug|Any CPU.Build.0 = Debug|Any CPU
		{0B986A70-7E62-4340-9452-09FB85E928BB}.DVD-5|Any CPU.ActiveCfg = Debug|Any CPU
		{0B986A70-7E62-4340-9452-09FB85E928BB}.DVD-5|Any CPU.Build.0 = Debug|Any CPU
		{0B986A70-7E62-4340-9452-09FB85E928BB}.Release|Any CPU.ActiveCfg = Release|Any CPU
		{0B986A70-7E62-4340-9452-09FB85E928BB}.Release|Any CPU.Build.0 = Release|Any CPU
		{0B986A70-7E62-4340-9452-09FB85E928BB}.SingleImage|Any CPU.ActiveCfg = Release|Any CPU
		{0B986A70-7E62-4340-9452-09FB85E928BB}.SingleImage|Any CPU.Build.0 = Release|Any CPU
		{8A8D8433-4E11-44C6-A795-B274D5BE1A88}.CD_ROM|Any CPU.ActiveCfg = CD_ROM
		{8A8D8433-4E11-44C6-A795-B274D5BE1A88}.CD_ROM|Any CPU.Build.0 = CD_ROM
		{8A8D8433-4E11-44C6-A795-B274D5BE1A88}.Debug|Any CPU.ActiveCfg = DVD-5
		{8A8D8433-4E11-44C6-A795-B274D5BE1A88}.Debug|Any CPU.Build.0 = DVD-5
		{8A8D8433-4E11-44C6-A795-B274D5BE1A88}.DVD-5|Any CPU.ActiveCfg = DVD-5
		{8A8D8433-4E11-44C6-A795-B274D5BE1A88}.DVD-5|Any CPU.Build.0 = DVD-5
		{8A8D8433-4E11-44C6-A795-B274D5BE1A88}.Release|Any CPU.ActiveCfg = SingleImage
		{8A8D8433-4E11-44C6-A795-B274D5BE1A88}.Release|Any CPU.Build.0 = SingleImage
		{8A8D8433-4E11-44C6-A795-B274D5BE1A88}.SingleImage|Any CPU.ActiveCfg = SingleImage
		{8A8D8433-4E11-44C6-A795-B274D5BE1A88}.SingleImage|Any CPU.Build.0 = SingleImage
	EndGlobalSection
	GlobalSection(SolutionProperties) = preSolution
		HideSolutionNode = FALSE
	EndGlobalSection
EndGlobal
